
Microsoft Visual Studio Solution File, Format Version 12.00
# Visual Studio Version 16
VisualStudioVersion = 16.0.31019.35
MinimumVisualStudioVersion = 10.0.40219.1
Project("{FAE04EC0-301F-11D3-BF4B-00C04F79EFBC}") = "UmbracoInternal", "UmbracoInternal.csproj", "{A727A626-9D1C-4E55-A1A1-33A004F2BF09}"
EndProject
Global
	GlobalSection(SolutionConfigurationPlatforms) = preSolution
		Debug|Any CPU = Debug|Any CPU
		Release|Any CPU = Release|Any CPU
	EndGlobalSection
	GlobalSection(ProjectConfigurationPlatforms) = postSolution
		{A727A626-9D1C-4E55-A1A1-33A004F2BF09}.Debug|Any CPU.ActiveCfg = Debug|Any CPU
		{A727A626-9D1C-4E55-A1A1-33A004F2BF09}.Debug|Any CPU.Build.0 = Debug|Any CPU
		{A727A626-9D1C-4E55-A1A1-33A004F2BF09}.Release|Any CPU.ActiveCfg = Release|Any CPU
		{A727A626-9D1C-4E55-A1A1-33A004F2BF09}.Release|Any CPU.Build.0 = Release|Any CPU
	EndGlobalSection
	GlobalSection(SolutionProperties) = preSolution
		HideSolutionNode = FALSE
	EndGlobalSection
	GlobalSection(ExtensibilityGlobals) = postSolution
		SolutionGuid = {2461D463-3A9E-4FBF-9D6F-07F0A6E3A4C8}
	EndGlobalSection
EndGlobal
